
Microsoft Visual Studio Solution File, Format Version 12.00
# Visual Studio 15
VisualStudioVersion = 15.0.28307.421
MinimumVisualStudioVersion = 10.0.40219.1
Project("{FAE04EC0-301F-11D3-BF4B-00C04F79EFBC}") = "Classes", "Classes\Classes.csproj", "{7C6E1739-C168-4C20-B1FA-381C75A7C5F8}"
EndProject
Project("{FAE04EC0-301F-11D3-BF4B-00C04F79EFBC}") = "SalonApp", "SalonApp\SalonApp.csproj", "{FD3170A1-8F54-4138-9281-CC4552F4731E}"
EndProject
Global
	GlobalSection(SolutionConfigurationPlatforms) = preSolution
		Debug|Any CPU = Debug|Any CPU
		Release|Any CPU = Release|Any CPU
	EndGlobalSection
	GlobalSection(ProjectConfigurationPlatforms) = postSolution
		{7C6E1739-C168-4C20-B1FA-381C75A7C5F8}.Debug|Any CPU.ActiveCfg = Debug|Any CPU
		{7C6E1739-C168-4C20-B1FA-381C75A7C5F8}.Debug|Any CPU.Build.0 = Debug|Any CPU
		{7C6E1739-C168-4C20-B1FA-381C75A7C5F8}.Release|Any CPU.ActiveCfg = Release|Any CPU
		{7C6E1739-C168-4C20-B1FA-381C75A7C5F8}.Release|Any CPU.Build.0 = Release|Any CPU
		{FD3170A1-8F54-4138-9281-CC4552F4731E}.Debug|Any CPU.ActiveCfg = Debug|Any CPU
		{FD3170A1-8F54-4138-9281-CC4552F4731E}.Debug|Any CPU.Build.0 = Debug|Any CPU
		{FD3170A1-8F54-4138-9281-CC4552F4731E}.Release|Any CPU.ActiveCfg = Release|Any CPU
		{FD3170A1-8F54-4138-9281-CC4552F4731E}.Release|Any CPU.Build.0 = Release|Any CPU
	EndGlobalSection
	GlobalSection(SolutionProperties) = preSolution
		HideSolutionNode = FALSE
	EndGlobalSection
	GlobalSection(ExtensibilityGlobals) = postSolution
		SolutionGuid = {9970A40D-14C3-4D44-B39B-83996DF26132}
	EndGlobalSection
EndGlobal
